# THIS IS AN AUTOGENERATED FILE. DO NOT EDIT THIS FILE DIRECTLY.
# yarn lockfile v1


"@fortawesome/fontawesome-free@^5.15.1":
  version "5.15.3"
  resolved "https://registry.yarnpkg.com/@fortawesome/fontawesome-free/-/fontawesome-free-5.15.3.tgz#c36ffa64a2a239bf948541a97b6ae8d729e09a9a"
  integrity sha512-rFnSUN/QOtnOAgqFRooTA3H57JLDm0QEG/jPdk+tLQNL/eWd+Aok8g3qCI+Q1xuDPWpGW/i9JySpJVsq8Q0s9w==

abab@^2.0.3:
  version "2.0.5"
  resolved "https://registry.yarnpkg.com/abab/-/abab-2.0.5.tgz#c0b678fb32d60fc1219c784d6a826fe385aeb79a"
  integrity sha512-9IK9EadsbHo6jLWIpxpR6pL0sazTXV6+SQv25ZB+F7Bj9mJNaOc4nCRabwd5M/JwmUa8idz6Eci6eKfJryPs6Q==

autosize@^4.0.2:
  version "4.0.4"
  resolved "https://registry.yarnpkg.com/autosize/-/autosize-4.0.4.tgz#924f13853a466b633b9309330833936d8bccce03"
  integrity sha512-5yxLQ22O0fCRGoxGfeLSNt3J8LB1v+umtpMnPW6XjkTWXKoN0AmXAIhelJcDtFT/Y/wYWmfE+oqU10Q0b8FhaQ==

bootstrap@^5.1.0:
  version "5.1.0"
  resolved "https://registry.yarnpkg.com/bootstrap/-/bootstrap-5.1.0.tgz#543ef8f44f4b9af67b0230f19508542fec38ef55"
  integrity sha512-bs74WNI9BgBo3cEovmdMHikSKoXnDgA6VQjJ7TyTotU6L7d41ZyCEEelPwkYEzsG/Zjv3ie9IE3EMAje0W9Xew==

cropperjs@^1.5.11:
  version "1.5.12"
  resolved "https://registry.yarnpkg.com/cropperjs/-/cropperjs-1.5.12.tgz#d9c0db2bfb8c0d769d51739e8f916bbc44e10f50"
  integrity sha512-re7UdjE5UnwdrovyhNzZ6gathI4Rs3KGCBSc8HCIjUo5hO42CtzyblmWLj6QWVw7huHyDMfpKxhiO2II77nhDw==

dropzone@^5.7.2:
  version "5.9.2"
  resolved "https://registry.yarnpkg.com/dropzone/-/dropzone-5.9.2.tgz#0a90ce3f6b011c3932484f368f4bf06223729450"
  integrity sha512-5t2z51DzIsWDbTpwcJIvUlwxBbvcwdCApz0yb9ecKJwG155Xm92KMEZmHW1B0MzoXOKvFwdd0nPu5cpeVcvPHQ==

jquery@*, jquery@>=1.12.4:
  version "3.6.0"
  resolved "https://registry.yarnpkg.com/jquery/-/jquery-3.6.0.tgz#c72a09f15c1bdce142f49dbf1170bdf8adac2470"
  integrity sha512-JVzAR/AjBvVt2BmYhxRCSYysDsPcssdmTFnzyLEts9qNwmjmu4JTAMYubEfwVOSwpQ1I1sKKFcxhZCI2buerfw==

nanogallery2@^3.0.5:
  version "3.0.5"
  resolved "https://registry.yarnpkg.com/nanogallery2/-/nanogallery2-3.0.5.tgz#2011e4b1bf5125f9fffb1bfc3e82ba968047af8e"
  integrity sha512-Oa5EecMzUQGuRuh6LTc+xKBy5K+1WHXKA0o5PbqGm25rkuswtnE/QtN4RmTLBGSk5eYOTzWdkmm6RDH8+90vEg==
  dependencies:
    jquery ">=1.12.4"

rx-jquery@^1.1.7:
  version "1.1.7"
  resolved "https://registry.yarnpkg.com/rx-jquery/-/rx-jquery-1.1.7.tgz#08bec7e92625427db85bf3bd8703ad3831b889d5"
  integrity sha1-CL7H6SYlQn24W/O9hwOtODG4idU=
  dependencies:
    jquery "*"
    rx "*"

rx@*:
  version "4.1.0"
  resolved "https://registry.yarnpkg.com/rx/-/rx-4.1.0.tgz#a5f13ff79ef3b740fe30aa803fb09f98805d4782"
  integrity sha1-pfE/957zt0D+MKqAP7CfmIBdR4I=

rxjs@^6.6.3:
  version "6.6.7"
  resolved "https://registry.yarnpkg.com/rxjs/-/rxjs-6.6.7.tgz#90ac018acabf491bf65044235d5863c4dab804c9"
  integrity sha512-hTdwr+7yYNIT5n4AMYp85KA6yw2Va0FLa3Rguvbpa4W3I5xynaBZo41cM3XM+4Q6fRMj3sBYIR1VAmZMXYJvRQ==
  dependencies:
    tslib "^1.9.0"

strophe.js@^1.4.2:
  version "1.4.2"
  resolved "https://registry.yarnpkg.com/strophe.js/-/strophe.js-1.4.2.tgz#ef25231239c3fd33ebfe5ee159c8a6a945a58d7e"
  integrity sha512-jkyZQCZLm7Zgmra0zJKxpHPNIUncYj/e/eYfgxFoc5gwrWeHWigNBs0q7wtqhCiqG6Qxcf22PUpcyBq8cK+9ew==
  dependencies:
    abab "^2.0.3"
  optionalDependencies:
    ws "^7.0.0"
    xmldom "0.5.0"

tslib@^1.9.0:
  version "1.14.1"
  resolved "https://registry.yarnpkg.com/tslib/-/tslib-1.14.1.tgz#cf2d38bdc34a134bcaf1091c41f6619e2f672d00"
  integrity sha512-Xni35NKzjgMrwevysHTCArtLDpPvye8zV/0E4EyYn43P7/7qvQwPh9BGkHewbMulVntbigmcT7rdX3BNo9wRJg==

uglify-js@^3.12.1:
  version "3.13.10"
  resolved "https://registry.yarnpkg.com/uglify-js/-/uglify-js-3.13.10.tgz#a6bd0d28d38f592c3adb6b180ea6e07e1e540a8d"
  integrity sha512-57H3ACYFXeo1IaZ1w02sfA71wI60MGco/IQFjOqK+WtKoprh7Go2/yvd2HPtoJILO2Or84ncLccI4xoHMTSbGg==

ws@^7.0.0:
  version "7.5.10"
  resolved "https://registry.yarnpkg.com/ws/-/ws-7.5.10.tgz#58b5c20dc281633f6c19113f39b349bd8bd558d9"
  integrity sha512-+dbF1tHwZpXcbOJdVOkzLDxZP1ailvSxM6ZweXTegylPny803bFhA+vqBYw4s31NSAk4S2Qz+AKXK9a4wkdjcQ==

xmldom@0.5.0:
  version "0.5.0"
  resolved "https://registry.yarnpkg.com/xmldom/-/xmldom-0.5.0.tgz#193cb96b84aa3486127ea6272c4596354cb4962e"
  integrity sha512-Foaj5FXVzgn7xFzsKeNIde9g6aFBxTPi37iwsno8QvApmtg7KYrr+OPyRHcJF7dud2a5nGRBXK3n0dL62Gf7PA==
